
Microsoft Visual Studio Solution File, Format Version 12.00
# Visual Studio 14
VisualStudioVersion = 14.0.25420.1
MinimumVisualStudioVersion = 10.0.40219.1
Project("{FAE04EC0-301F-11D3-BF4B-00C04F79EFBC}") = "NicaWallet", "NicaWallet\NicaWallet.csproj", "{EEC6AB75-CA5C-460C-B8D3-8137D1CB08AE}"
EndProject
Global
	GlobalSection(SolutionConfigurationPlatforms) = preSolution
		Debug|Any CPU = Debug|Any CPU
		Release|Any CPU = Release|Any CPU
	EndGlobalSection
	GlobalSection(ProjectConfigurationPlatforms) = postSolution
		{EEC6AB75-CA5C-460C-B8D3-8137D1CB08AE}.Debug|Any CPU.ActiveCfg = Debug|Any CPU
		{EEC6AB75-CA5C-460C-B8D3-8137D1CB08AE}.Debug|Any CPU.Build.0 = Debug|Any CPU
		{EEC6AB75-CA5C-460C-B8D3-8137D1CB08AE}.Release|Any CPU.ActiveCfg = Release|Any CPU
		{EEC6AB75-CA5C-460C-B8D3-8137D1CB08AE}.Release|Any CPU.Build.0 = Release|Any CPU
	EndGlobalSection
	GlobalSection(SolutionProperties) = preSolution
		HideSolutionNode = FALSE
	EndGlobalSection
EndGlobal
